
Microsoft Visual Studio Solution File, Format Version 12.00
# Visual Studio Version 17
VisualStudioVersion = 17.0.32014.148
MinimumVisualStudioVersion = 10.0.40219.1
Project("{2150E333-8FDC-42A3-9474-1A3956D46DE8}") = "01- Framework.DomainModel", "01- Framework.DomainModel", "{867B74F7-5CF4-404F-BAA1-E82249B3781E}"
EndProject
Project("{9A19103F-16F7-4668-BE54-9A1E7A4F7556}") = "Framework.DomainModel", "Framework.DomainModel\Framework.DomainModel.csproj", "{D239F62E-B4CC-436C-B87C-7FCFDDE55D6F}"
EndProject
Project("{2150E333-8FDC-42A3-9474-1A3956D46DE8}") = "02- Framework.Application", "02- Framework.Application", "{26484179-2514-4486-953E-4DAA8982F22B}"
EndProject
Project("{9A19103F-16F7-4668-BE54-9A1E7A4F7556}") = "Framework.Application", "Framework.Application\Framework.Application.csproj", "{780D138F-9B59-48C6-A5B2-067333EE1E66}"
EndProject
Project("{9A19103F-16F7-4668-BE54-9A1E7A4F7556}") = "Framework.DomainModel.DependencyInjection", "Framework.DomainModel.DependencyInjection\Framework.DomainModel.DependencyInjection.csproj", "{CB0B295F-8BEE-44BF-B726-6CA0ACC0D614}"
EndProject
Project("{2150E333-8FDC-42A3-9474-1A3956D46DE8}") = "03- Sample", "03- Sample", "{FCD0AF81-54B7-47F9-A28B-65829EC1DC9D}"
EndProject
Project("{2150E333-8FDC-42A3-9474-1A3956D46DE8}") = "Source", "Source", "{C5A0E0ED-6007-4D92-8294-F17E673D2E0F}"
EndProject
Project("{2150E333-8FDC-42A3-9474-1A3956D46DE8}") = "Test", "Test", "{39ED3931-1727-456A-9658-373692CBD2B7}"
EndProject
Project("{2150E333-8FDC-42A3-9474-1A3956D46DE8}") = "01- Core", "01- Core", "{10BDFF73-02CF-46CE-B92D-2D0B59AE69A9}"
EndProject
Project("{2150E333-8FDC-42A3-9474-1A3956D46DE8}") = "02- Infrastructure", "02- Infrastructure", "{F3870260-BF64-488D-AA91-9E76DF60DD04}"
EndProject
Project("{2150E333-8FDC-42A3-9474-1A3956D46DE8}") = "03- Applications", "03- Applications", "{3B9F5DB1-E11E-47D6-9609-BCB378136AE3}"
EndProject
Project("{9A19103F-16F7-4668-BE54-9A1E7A4F7556}") = "DomainModel", "Sample\Source\01- Core\DomainModel\DomainModel.csproj", "{BCFB3203-205B-4698-8FE8-9A209775A392}"
EndProject
Project("{9A19103F-16F7-4668-BE54-9A1E7A4F7556}") = "DataAccess", "Sample\Source\02- Infrastructure\DataAccess\DataAccess.csproj", "{F36D838A-14B1-4065-BB70-70EDB4223527}"
EndProject
Project("{9A19103F-16F7-4668-BE54-9A1E7A4F7556}") = "ApplicationServices", "Sample\Source\01- Core\ApplicationServices\ApplicationServices.csproj", "{A3B4F2D2-D146-4FED-9640-189C1A765000}"
EndProject
Project("{9A19103F-16F7-4668-BE54-9A1E7A4F7556}") = "Shared", "Sample\Source\03- Applications\Shared\Shared.csproj", "{B89C21FC-6CFA-42B1-B822-D9D7C4833A54}"
EndProject
Project("{9A19103F-16F7-4668-BE54-9A1E7A4F7556}") = "RestApi", "Sample\Source\03- Applications\RestApi\RestApi.csproj", "{8BDBBD48-4880-4AC5-819E-8FBAE9B99AAF}"
EndProject
Project("{9A19103F-16F7-4668-BE54-9A1E7A4F7556}") = "Grpc", "Sample\Source\03- Applications\Grpc\Grpc.csproj", "{1EB23E02-E3F6-4526-B54D-D721F79D82D9}"
EndProject
Project("{FAE04EC0-301F-11D3-BF4B-00C04F79EFBC}") = "DomainServices", "Sample\Source\01- Core\DomainServices\DomainServices.csproj", "{FADEFA60-8495-4F6B-AA80-E624D73ADF9B}"
EndProject
Project("{9A19103F-16F7-4668-BE54-9A1E7A4F7556}") = "SampleTests", "Sample\Test\AccountsRelationTests\SampleTests.csproj", "{1DFA1DE9-CF35-44DB-B018-3EEE3EC45D0F}"
EndProject
Global
	GlobalSection(SolutionConfigurationPlatforms) = preSolution
		Debug|Any CPU = Debug|Any CPU
		Release|Any CPU = Release|Any CPU
	EndGlobalSection
	GlobalSection(ProjectConfigurationPlatforms) = postSolution
		{D239F62E-B4CC-436C-B87C-7FCFDDE55D6F}.Debug|Any CPU.ActiveCfg = Debug|Any CPU
		{D239F62E-B4CC-436C-B87C-7FCFDDE55D6F}.Debug|Any CPU.Build.0 = Debug|Any CPU
		{D239F62E-B4CC-436C-B87C-7FCFDDE55D6F}.Release|Any CPU.ActiveCfg = Release|Any CPU
		{D239F62E-B4CC-436C-B87C-7FCFDDE55D6F}.Release|Any CPU.Build.0 = Release|Any CPU
		{780D138F-9B59-48C6-A5B2-067333EE1E66}.Debug|Any CPU.ActiveCfg = Debug|Any CPU
		{780D138F-9B59-48C6-A5B2-067333EE1E66}.Debug|Any CPU.Build.0 = Debug|Any CPU
		{780D138F-9B59-48C6-A5B2-067333EE1E66}.Release|Any CPU.ActiveCfg = Release|Any CPU
		{780D138F-9B59-48C6-A5B2-067333EE1E66}.Release|Any CPU.Build.0 = Release|Any CPU
		{CB0B295F-8BEE-44BF-B726-6CA0ACC0D614}.Debug|Any CPU.ActiveCfg = Debug|Any CPU
		{CB0B295F-8BEE-44BF-B726-6CA0ACC0D614}.Debug|Any CPU.Build.0 = Debug|Any CPU
		{CB0B295F-8BEE-44BF-B726-6CA0ACC0D614}.Release|Any CPU.ActiveCfg = Release|Any CPU
		{CB0B295F-8BEE-44BF-B726-6CA0ACC0D614}.Release|Any CPU.Build.0 = Release|Any CPU
		{BCFB3203-205B-4698-8FE8-9A209775A392}.Debug|Any CPU.ActiveCfg = Debug|Any CPU
		{BCFB3203-205B-4698-8FE8-9A209775A392}.Debug|Any CPU.Build.0 = Debug|Any CPU
		{BCFB3203-205B-4698-8FE8-9A209775A392}.Release|Any CPU.ActiveCfg = Release|Any CPU
		{BCFB3203-205B-4698-8FE8-9A209775A392}.Release|Any CPU.Build.0 = Release|Any CPU
		{F36D838A-14B1-4065-BB70-70EDB4223527}.Debug|Any CPU.ActiveCfg = Debug|Any CPU
		{F36D838A-14B1-4065-BB70-70EDB4223527}.Debug|Any CPU.Build.0 = Debug|Any CPU
		{F36D838A-14B1-4065-BB70-70EDB4223527}.Release|Any CPU.ActiveCfg = Release|Any CPU
		{F36D838A-14B1-4065-BB70-70EDB4223527}.Release|Any CPU.Build.0 = Release|Any CPU
		{A3B4F2D2-D146-4FED-9640-189C1A765000}.Debug|Any CPU.ActiveCfg = Debug|Any CPU
		{A3B4F2D2-D146-4FED-9640-189C1A765000}.Debug|Any CPU.Build.0 = Debug|Any CPU
		{A3B4F2D2-D146-4FED-9640-189C1A765000}.Release|Any CPU.ActiveCfg = Release|Any CPU
		{A3B4F2D2-D146-4FED-9640-189C1A765000}.Release|Any CPU.Build.0 = Release|Any CPU
		{B89C21FC-6CFA-42B1-B822-D9D7C4833A54}.Debug|Any CPU.ActiveCfg = Debug|Any CPU
		{B89C21FC-6CFA-42B1-B822-D9D7C4833A54}.Debug|Any CPU.Build.0 = Debug|Any CPU
		{B89C21FC-6CFA-42B1-B822-D9D7C4833A54}.Release|Any CPU.ActiveCfg = Release|Any CPU
		{B89C21FC-6CFA-42B1-B822-D9D7C4833A54}.Release|Any CPU.Build.0 = Release|Any CPU
		{8BDBBD48-4880-4AC5-819E-8FBAE9B99AAF}.Debug|Any CPU.ActiveCfg = Debug|Any CPU
		{8BDBBD48-4880-4AC5-819E-8FBAE9B99AAF}.Debug|Any CPU.Build.0 = Debug|Any CPU
		{8BDBBD48-4880-4AC5-819E-8FBAE9B99AAF}.Release|Any CPU.ActiveCfg = Release|Any CPU
		{8BDBBD48-4880-4AC5-819E-8FBAE9B99AAF}.Release|Any CPU.Build.0 = Release|Any CPU
		{1EB23E02-E3F6-4526-B54D-D721F79D82D9}.Debug|Any CPU.ActiveCfg = Debug|Any CPU
		{1EB23E02-E3F6-4526-B54D-D721F79D82D9}.Debug|Any CPU.Build.0 = Debug|Any CPU
		{1EB23E02-E3F6-4526-B54D-D721F79D82D9}.Release|Any CPU.ActiveCfg = Release|Any CPU
		{1EB23E02-E3F6-4526-B54D-D721F79D82D9}.Release|Any CPU.Build.0 = Release|Any CPU
		{FADEFA60-8495-4F6B-AA80-E624D73ADF9B}.Debug|Any CPU.ActiveCfg = Debug|Any CPU
		{FADEFA60-8495-4F6B-AA80-E624D73ADF9B}.Debug|Any CPU.Build.0 = Debug|Any CPU
		{FADEFA60-8495-4F6B-AA80-E624D73ADF9B}.Release|Any CPU.ActiveCfg = Release|Any CPU
		{FADEFA60-8495-4F6B-AA80-E624D73ADF9B}.Release|Any CPU.Build.0 = Release|Any CPU
		{1DFA1DE9-CF35-44DB-B018-3EEE3EC45D0F}.Debug|Any CPU.ActiveCfg = Debug|Any CPU
		{1DFA1DE9-CF35-44DB-B018-3EEE3EC45D0F}.Debug|Any CPU.Build.0 = Debug|Any CPU
		{1DFA1DE9-CF35-44DB-B018-3EEE3EC45D0F}.Release|Any CPU.ActiveCfg = Release|Any CPU
		{1DFA1DE9-CF35-44DB-B018-3EEE3EC45D0F}.Release|Any CPU.Build.0 = Release|Any CPU
	EndGlobalSection
	GlobalSection(SolutionProperties) = preSolution
		HideSolutionNode = FALSE
	EndGlobalSection
	GlobalSection(NestedProjects) = preSolution
		{D239F62E-B4CC-436C-B87C-7FCFDDE55D6F} = {867B74F7-5CF4-404F-BAA1-E82249B3781E}
		{780D138F-9B59-48C6-A5B2-067333EE1E66} = {26484179-2514-4486-953E-4DAA8982F22B}
		{CB0B295F-8BEE-44BF-B726-6CA0ACC0D614} = {867B74F7-5CF4-404F-BAA1-E82249B3781E}
		{C5A0E0ED-6007-4D92-8294-F17E673D2E0F} = {FCD0AF81-54B7-47F9-A28B-65829EC1DC9D}
		{39ED3931-1727-456A-9658-373692CBD2B7} = {FCD0AF81-54B7-47F9-A28B-65829EC1DC9D}
		{10BDFF73-02CF-46CE-B92D-2D0B59AE69A9} = {C5A0E0ED-6007-4D92-8294-F17E673D2E0F}
		{F3870260-BF64-488D-AA91-9E76DF60DD04} = {C5A0E0ED-6007-4D92-8294-F17E673D2E0F}
		{3B9F5DB1-E11E-47D6-9609-BCB378136AE3} = {C5A0E0ED-6007-4D92-8294-F17E673D2E0F}
		{BCFB3203-205B-4698-8FE8-9A209775A392} = {10BDFF73-02CF-46CE-B92D-2D0B59AE69A9}
		{F36D838A-14B1-4065-BB70-70EDB4223527} = {F3870260-BF64-488D-AA91-9E76DF60DD04}
		{A3B4F2D2-D146-4FED-9640-189C1A765000} = {10BDFF73-02CF-46CE-B92D-2D0B59AE69A9}
		{B89C21FC-6CFA-42B1-B822-D9D7C4833A54} = {3B9F5DB1-E11E-47D6-9609-BCB378136AE3}
		{8BDBBD48-4880-4AC5-819E-8FBAE9B99AAF} = {3B9F5DB1-E11E-47D6-9609-BCB378136AE3}
		{1EB23E02-E3F6-4526-B54D-D721F79D82D9} = {3B9F5DB1-E11E-47D6-9609-BCB378136AE3}
		{FADEFA60-8495-4F6B-AA80-E624D73ADF9B} = {10BDFF73-02CF-46CE-B92D-2D0B59AE69A9}
		{1DFA1DE9-CF35-44DB-B018-3EEE3EC45D0F} = {39ED3931-1727-456A-9658-373692CBD2B7}
	EndGlobalSection
	GlobalSection(ExtensibilityGlobals) = postSolution
		SolutionGuid = {10B5F4A6-D60F-48F4-A7D9-D6A023EE7F3A}
	EndGlobalSection
EndGlobal
